
Microsoft Visual Studio Solution File, Format Version 12.00
# Visual Studio 15
Project("{FAE04EC0-301F-11D3-BF4B-00C04F79EFBC}") = "DapperAndDocker", "DapperAndDocker\DapperAndDocker.csproj", "{AFE07719-2FEB-41D6-BFEF-A0FFBECFCB2C}"
EndProject
Project("{E53339B2-1760-4266-BCC7-CA923CBCF16C}") = "docker-compose", "docker-compose.dcproj", "{B9175C61-F70C-48E5-841D-2BAC244B2973}"
EndProject
Global
	GlobalSection(SolutionConfigurationPlatforms) = preSolution
		Debug|Any CPU = Debug|Any CPU
		Release|Any CPU = Release|Any CPU
	EndGlobalSection
	GlobalSection(ProjectConfigurationPlatforms) = postSolution
		{AFE07719-2FEB-41D6-BFEF-A0FFBECFCB2C}.Debug|Any CPU.ActiveCfg = Debug|Any CPU
		{AFE07719-2FEB-41D6-BFEF-A0FFBECFCB2C}.Debug|Any CPU.Build.0 = Debug|Any CPU
		{AFE07719-2FEB-41D6-BFEF-A0FFBECFCB2C}.Release|Any CPU.ActiveCfg = Release|Any CPU
		{AFE07719-2FEB-41D6-BFEF-A0FFBECFCB2C}.Release|Any CPU.Build.0 = Release|Any CPU
		{B9175C61-F70C-48E5-841D-2BAC244B2973}.Debug|Any CPU.ActiveCfg = Debug|Any CPU
		{B9175C61-F70C-48E5-841D-2BAC244B2973}.Debug|Any CPU.Build.0 = Debug|Any CPU
		{B9175C61-F70C-48E5-841D-2BAC244B2973}.Release|Any CPU.ActiveCfg = Release|Any CPU
		{B9175C61-F70C-48E5-841D-2BAC244B2973}.Release|Any CPU.Build.0 = Release|Any CPU
	EndGlobalSection
EndGlobal
